{
  "name": "reitschule",
  "version": "1.0.0",
  "lockfileVersion": 3,
  "requires": true,
  "packages": {
    "": {
      "name": "reitschule",
      "version": "1.0.0",
      "license": "AGPL-3.0-only",
      "workspaces": [
        "apps/trainer-app",
        "apps/admin-app",
        "apps/api",
        "apps/api-service"
      ]
    },
    "apps/admin-app": {
      "version": "1.0.0",
      "license": "AGPL-3.0-only",
      "devDependencies": {}
    },
    "apps/api": {
      "version": "1.0.0",
      "license": "AGPL-3.0-only",
      "devDependencies": {}
    },
    "apps/api-service": {
      "version": "1.0.0",
      "license": "AGPL-3.0-only",
      "devDependencies": {}
    },
    "apps/trainer-app": {
      "version": "1.0.0",
      "license": "AGPL-3.0-only"
    },
    "node_modules/admin-app": {
      "resolved": "apps/admin-app",
      "link": true
    },
    "node_modules/api": {
      "resolved": "apps/api",
      "link": true
    },
    "node_modules/api-service": {
      "resolved": "apps/api-service",
      "link": true
    },
    "node_modules/trainer-app": {
      "resolved": "apps/trainer-app",
      "link": true
    }
  }
}
